
Microsoft Visual Studio Solution File, Format Version 12.00
# Visual Studio 15
VisualStudioVersion = 15.0.28307.136
MinimumVisualStudioVersion = 10.0.40219.1
Project("{9A19103F-16F7-4668-BE54-9A1E7A4F7556}") = "StartPoint.GameServer", "StartPoint.GameServer\StartPoint.GameServer.csproj", "{9FD59E33-D1E0-4408-BC67-016B7F0D0E41}"
EndProject
Project("{9A19103F-16F7-4668-BE54-9A1E7A4F7556}") = "DomainEntities", "DomainEntities\DomainEntities.csproj", "{799E4E7C-AB75-4710-B840-D5BF2B94A051}"
EndProject
Project("{9A19103F-16F7-4668-BE54-9A1E7A4F7556}") = "DAL", "DAL\DAL.csproj", "{9B69E25C-9700-4FA9-BAE6-C67BD554CD64}"
EndProject
Global
	GlobalSection(SolutionConfigurationPlatforms) = preSolution
		Debug|Any CPU = Debug|Any CPU
		Release|Any CPU = Release|Any CPU
	EndGlobalSection
	GlobalSection(ProjectConfigurationPlatforms) = postSolution
		{9FD59E33-D1E0-4408-BC67-016B7F0D0E41}.Debug|Any CPU.ActiveCfg = Debug|Any CPU
		{9FD59E33-D1E0-4408-BC67-016B7F0D0E41}.Debug|Any CPU.Build.0 = Debug|Any CPU
		{9FD59E33-D1E0-4408-BC67-016B7F0D0E41}.Release|Any CPU.ActiveCfg = Release|Any CPU
		{9FD59E33-D1E0-4408-BC67-016B7F0D0E41}.Release|Any CPU.Build.0 = Release|Any CPU
		{799E4E7C-AB75-4710-B840-D5BF2B94A051}.Debug|Any CPU.ActiveCfg = Debug|Any CPU
		{799E4E7C-AB75-4710-B840-D5BF2B94A051}.Debug|Any CPU.Build.0 = Debug|Any CPU
		{799E4E7C-AB75-4710-B840-D5BF2B94A051}.Release|Any CPU.ActiveCfg = Release|Any CPU
		{799E4E7C-AB75-4710-B840-D5BF2B94A051}.Release|Any CPU.Build.0 = Release|Any CPU
		{9B69E25C-9700-4FA9-BAE6-C67BD554CD64}.Debug|Any CPU.ActiveCfg = Debug|Any CPU
		{9B69E25C-9700-4FA9-BAE6-C67BD554CD64}.Debug|Any CPU.Build.0 = Debug|Any CPU
		{9B69E25C-9700-4FA9-BAE6-C67BD554CD64}.Release|Any CPU.ActiveCfg = Release|Any CPU
		{9B69E25C-9700-4FA9-BAE6-C67BD554CD64}.Release|Any CPU.Build.0 = Release|Any CPU
	EndGlobalSection
	GlobalSection(SolutionProperties) = preSolution
		HideSolutionNode = FALSE
	EndGlobalSection
	GlobalSection(ExtensibilityGlobals) = postSolution
		SolutionGuid = {F0303507-E65E-4B29-AB22-0C1D30E13639}
	EndGlobalSection
EndGlobal
